
Microsoft Visual Studio Solution File, Format Version 12.00
# Visual Studio Version 16
VisualStudioVersion = 16.0.31205.134
MinimumVisualStudioVersion = 10.0.40219.1
Project("{9A19103F-16F7-4668-BE54-9A1E7A4F7556}") = "RunN'Jump", "Ejer\RunN'Jump.csproj", "{15F25934-17F9-45E7-BDE7-E902DFD8E675}"
EndProject
Global
	GlobalSection(SolutionConfigurationPlatforms) = preSolution
		Debug|Any CPU = Debug|Any CPU
		Release|Any CPU = Release|Any CPU
	EndGlobalSection
	GlobalSection(ProjectConfigurationPlatforms) = postSolution
		{15F25934-17F9-45E7-BDE7-E902DFD8E675}.Debug|Any CPU.ActiveCfg = Debug|Any CPU
		{15F25934-17F9-45E7-BDE7-E902DFD8E675}.Debug|Any CPU.Build.0 = Debug|Any CPU
		{15F25934-17F9-45E7-BDE7-E902DFD8E675}.Release|Any CPU.ActiveCfg = Release|Any CPU
		{15F25934-17F9-45E7-BDE7-E902DFD8E675}.Release|Any CPU.Build.0 = Release|Any CPU
	EndGlobalSection
	GlobalSection(SolutionProperties) = preSolution
		HideSolutionNode = FALSE
	EndGlobalSection
	GlobalSection(ExtensibilityGlobals) = postSolution
		SolutionGuid = {8AD33533-23E1-4565-A2B3-FA1E306280B0}
	EndGlobalSection
EndGlobal
